
Microsoft Visual Studio Solution File, Format Version 12.00
# Visual Studio Version 17
VisualStudioVersion = 17.5.33627.172
MinimumVisualStudioVersion = 10.0.40219.1
Project("{888888A0-9F3D-457C-B088-3A5042F75D52}") = "CountryApp", "CountryApp\CountryApp.pyproj", "{829C6875-6684-4CF5-9A0A-9F5C6DE589F7}"
EndProject
Global
	GlobalSection(SolutionConfigurationPlatforms) = preSolution
		Debug|Any CPU = Debug|Any CPU
		Release|Any CPU = Release|Any CPU
	EndGlobalSection
	GlobalSection(ProjectConfigurationPlatforms) = postSolution
		{829C6875-6684-4CF5-9A0A-9F5C6DE589F7}.Debug|Any CPU.ActiveCfg = Debug|Any CPU
		{829C6875-6684-4CF5-9A0A-9F5C6DE589F7}.Release|Any CPU.ActiveCfg = Release|Any CPU
	EndGlobalSection
	GlobalSection(SolutionProperties) = preSolution
		HideSolutionNode = FALSE
	EndGlobalSection
	GlobalSection(ExtensibilityGlobals) = postSolution
		SolutionGuid = {2C8F60F3-882B-4FBE-AD3F-C894A0B0A2EA}
	EndGlobalSection
EndGlobal
